
Microsoft Visual Studio Solution File, Format Version 11.00
# Visual Studio 2010
Project("{FAE04EC0-301F-11D3-BF4B-00C04F79EFBC}") = "CS113Game", "Assembly-CSharp.csproj", "{68733A69-C55B-E248-90EC-1336610B5833}"
EndProject
Project("{FAE04EC0-301F-11D3-BF4B-00C04F79EFBC}") = "CS113Game", "Assembly-CSharp-Editor.csproj", "{AB897A2B-571E-D98D-4A98-ED10665105CA}"
EndProject
Global
	GlobalSection(SolutionConfigurationPlatforms) = preSolution
		Debug|Any CPU = Debug|Any CPU
		Release|Any CPU = Release|Any CPU
	EndGlobalSection
	GlobalSection(ProjectConfigurationPlatforms) = postSolution
		{68733A69-C55B-E248-90EC-1336610B5833}.Debug|Any CPU.ActiveCfg = Debug|Any CPU
		{68733A69-C55B-E248-90EC-1336610B5833}.Debug|Any CPU.Build.0 = Debug|Any CPU
		{68733A69-C55B-E248-90EC-1336610B5833}.Release|Any CPU.ActiveCfg = Release|Any CPU
		{68733A69-C55B-E248-90EC-1336610B5833}.Release|Any CPU.Build.0 = Release|Any CPU
		{AB897A2B-571E-D98D-4A98-ED10665105CA}.Debug|Any CPU.ActiveCfg = Debug|Any CPU
		{AB897A2B-571E-D98D-4A98-ED10665105CA}.Debug|Any CPU.Build.0 = Debug|Any CPU
		{AB897A2B-571E-D98D-4A98-ED10665105CA}.Release|Any CPU.ActiveCfg = Release|Any CPU
		{AB897A2B-571E-D98D-4A98-ED10665105CA}.Release|Any CPU.Build.0 = Release|Any CPU
	EndGlobalSection
	GlobalSection(SolutionProperties) = preSolution
		HideSolutionNode = FALSE
	EndGlobalSection
	GlobalSection(MonoDevelopProperties) = preSolution
		StartupItem = Assembly-CSharp.csproj
	EndGlobalSection
EndGlobal
